// !$*UTF8*$!
{
	archiveVersion = 1;
	classes = {
	};
	objectVersion = 46;
	objects = {

/* Begin PBXBuildFile section */
		1253F210196BBEFD00E4C7E0 /* startHere@2x.png in Resources */ = {isa = PBXBuildFile; fileRef = 1253F20F196BBEFD00E4C7E0 /* startHere@2x.png */; };
		1270DD4F1965366B00EDA930 /* Foundation.framework in Frameworks */ = {isa = PBXBuildFile; fileRef = 1270DD4E1965366B00EDA930 /* Foundation.framework */; };
		1270DD511965366B00EDA930 /* CoreGraphics.framework in Frameworks */ = {isa = PBXBuildFile; fileRef = 1270DD501965366B00EDA930 /* CoreGraphics.framework */; };
		1270DD531965366B00EDA930 /* UIKit.framework in Frameworks */ = {isa = PBXBuildFile; fileRef = 1270DD521965366B00EDA930 /* UIKit.framework */; };
		1270DD591965366B00EDA930 /* InfoPlist.strings in Resources */ = {isa = PBXBuildFile; fileRef = 1270DD571965366B00EDA930 /* InfoPlist.strings */; };
		1270DD5B1965366B00EDA930 /* main.m in Sources */ = {isa = PBXBuildFile; fileRef = 1270DD5A1965366B00EDA930 /* main.m */; };
		1270DD5F1965366B00EDA930 /* AppDelegate.m in Sources */ = {isa = PBXBuildFile; fileRef = 1270DD5E1965366B00EDA930 /* AppDelegate.m */; };
		1270DD621965366B00EDA930 /* Main.storyboard in Resources */ = {isa = PBXBuildFile; fileRef = 1270DD601965366B00EDA930 /* Main.storyboard */; };
		1270DD651965366B00EDA930 /* ViewController.m in Sources */ = {isa = PBXBuildFile; fileRef = 1270DD641965366B00EDA930 /* ViewController.m */; };
		1270DD671965366B00EDA930 /* Images.xcassets in Resources */ = {isa = PBXBuildFile; fileRef = 1270DD661965366B00EDA930 /* Images.xcassets */; };
		1270DD6E1965366B00EDA930 /* XCTest.framework in Frameworks */ = {isa = PBXBuildFile; fileRef = 1270DD6D1965366B00EDA930 /* XCTest.framework */; };
		1270DD6F1965366B00EDA930 /* Foundation.framework in Frameworks */ = {isa = PBXBuildFile; fileRef = 1270DD4E1965366B00EDA930 /* Foundation.framework */; };
		1270DD701965366B00EDA930 /* UIKit.framework in Frameworks */ = {isa = PBXBuildFile; fileRef = 1270DD521965366B00EDA930 /* UIKit.framework */; };
		1270DD781965366B00EDA930 /* InfoPlist.strings in Resources */ = {isa = PBXBuildFile; fileRef = 1270DD761965366B00EDA930 /* InfoPlist.strings */; };
		1270DD7A1965366B00EDA930 /* What_Are_You_DoingTests.m in Sources */ = {isa = PBXBuildFile; fileRef = 1270DD791965366B00EDA930 /* What_Are_You_DoingTests.m */; };
		1270DD8419653E7700EDA930 /* 3637 Tfel_1061.JPG in Resources */ = {isa = PBXBuildFile; fileRef = 1270DD8319653E7700EDA930 /* 3637 Tfel_1061.JPG */; };
		1270DD8619653EBF00EDA930 /* 3637 Tfel_1112.JPG in Resources */ = {isa = PBXBuildFile; fileRef = 1270DD8519653EBF00EDA930 /* 3637 Tfel_1112.JPG */; };
		1270DD8819653ED000EDA930 /* background-tile.png in Resources */ = {isa = PBXBuildFile; fileRef = 1270DD8719653ED000EDA930 /* background-tile.png */; };
		12780F9719691B32004364E5 /* lower-third.png in Resources */ = {isa = PBXBuildFile; fileRef = 12780F9619691B32004364E5 /* lower-third.png */; };
		12780F9919692FE0004364E5 /* Time-Pyramid.png in Resources */ = {isa = PBXBuildFile; fileRef = 12780F9819692FE0004364E5 /* Time-Pyramid.png */; };
		12780F9D19693177004364E5 /* StudentViewController.m in Sources */ = {isa = PBXBuildFile; fileRef = 12780F9C19693177004364E5 /* StudentViewController.m */; };
		12780FA019693183004364E5 /* TeacherViewController.m in Sources */ = {isa = PBXBuildFile; fileRef = 12780F9F19693183004364E5 /* TeacherViewController.m */; };
		12C5D1A5196FC0E20031CD80 /* CountdownViewController.m in Sources */ = {isa = PBXBuildFile; fileRef = 12C5D1A4196FC0E20031CD80 /* CountdownViewController.m */; };
		12F026C5197750AF006ACD16 /* pickOne@2x.png in Resources */ = {isa = PBXBuildFile; fileRef = 12F026C4197750AF006ACD16 /* pickOne@2x.png */; };
		12F026D6197758F4006ACD16 /* Time-Stripes@2x.png in Resources */ = {isa = PBXBuildFile; fileRef = 12F026D5197758F4006ACD16 /* Time-Stripes@2x.png */; };
		12F026D819776173006ACD16 /* LL_Fade_SPOKE@2x.png in Resources */ = {isa = PBXBuildFile; fileRef = 12F026D719776173006ACD16 /* LL_Fade_SPOKE@2x.png */; };
		12F026DB197782BD006ACD16 /* glyphicons_136_cogwheel.png in Resources */ = {isa = PBXBuildFile; fileRef = 12F026D9197782BD006ACD16 /* glyphicons_136_cogwheel.png */; };
		12F026DC197782BD006ACD16 /* glyphicons_136_cogwheel@2x.png in Resources */ = {isa = PBXBuildFile; fileRef = 12F026DA197782BD006ACD16 /* glyphicons_136_cogwheel@2x.png */; };
		12F026DF1977852B006ACD16 /* AdvancedSettingsViewController.m in Sources */ = {isa = PBXBuildFile; fileRef = 12F026DE1977852B006ACD16 /* AdvancedSettingsViewController.m */; };
/* End PBXBuildFile section */

/* Begin PBXContainerItemProxy section */
		1270DD711965366B00EDA930 /* PBXContainerItemProxy */ = {
			isa = PBXContainerItemProxy;
			containerPortal = 1270DD431965366B00EDA930 /* Project object */;
			proxyType = 1;
			remoteGlobalIDString = 1270DD4A1965366B00EDA930;
			remoteInfo = "What Are You Doing";
		};
/* End PBXContainerItemProxy section */

/* Begin PBXFileReference section */
		1253F20F196BBEFD00E4C7E0 /* startHere@2x.png */ = {isa = PBXFileReference; lastKnownFileType = image.png; path = "startHere@2x.png"; sourceTree = "<group>"; };
		1270DD4B1965366B00EDA930 /* What Are You Doing.app */ = {isa = PBXFileReference; explicitFileType = wrapper.application; includeInIndex = 0; path = "What Are You Doing.app"; sourceTree = BUILT_PRODUCTS_DIR; };
		1270DD4E1965366B00EDA930 /* Foundation.framework */ = {isa = PBXFileReference; lastKnownFileType = wrapper.framework; name = Foundation.framework; path = System/Library/Frameworks/Foundation.framework; sourceTree = SDKROOT; };
		1270DD501965366B00EDA930 /* CoreGraphics.framework */ = {isa = PBXFileReference; lastKnownFileType = wrapper.framework; name = CoreGraphics.framework; path = System/Library/Frameworks/CoreGraphics.framework; sourceTree = SDKROOT; };
		1270DD521965366B00EDA930 /* UIKit.framework */ = {isa = PBXFileReference; lastKnownFileType = wrapper.framework; name = UIKit.framework; path = System/Library/Frameworks/UIKit.framework; sourceTree = SDKROOT; };
		1270DD561965366B00EDA930 /* What Are You Doing-Info.plist */ = {isa = PBXFileReference; lastKnownFileType = text.plist.xml; path = "What Are You Doing-Info.plist"; sourceTree = "<group>"; };
		1270DD581965366B00EDA930 /* en */ = {isa = PBXFileReference; lastKnownFileType = text.plist.strings; name = en; path = en.lproj/InfoPlist.strings; sourceTree = "<group>"; };
		1270DD5A1965366B00EDA930 /* main.m */ = {isa = PBXFileReference; lastKnownFileType = sourcecode.c.objc; path = main.m; sourceTree = "<group>"; };
		1270DD5C1965366B00EDA930 /* What Are You Doing-Prefix.pch */ = {isa = PBXFileReference; lastKnownFileType = sourcecode.c.h; path = "What Are You Doing-Prefix.pch"; sourceTree = "<group>"; };
		1270DD5D1965366B00EDA930 /* AppDelegate.h */ = {isa = PBXFileReference; lastKnownFileType = sourcecode.c.h; path = AppDelegate.h; sourceTree = "<group>"; };
		1270DD5E1965366B00EDA930 /* AppDelegate.m */ = {isa = PBXFileReference; lastKnownFileType = sourcecode.c.objc; path = AppDelegate.m; sourceTree = "<group>"; };
		1270DD611965366B00EDA930 /* Base */ = {isa = PBXFileReference; lastKnownFileType = file.storyboard; name = Base; path = Base.lproj/Main.storyboard; sourceTree = "<group>"; };
		1270DD631965366B00EDA930 /* ViewController.h */ = {isa = PBXFileReference; lastKnownFileType = sourcecode.c.h; path = ViewController.h; sourceTree = "<group>"; };
		1270DD641965366B00EDA930 /* ViewController.m */ = {isa = PBXFileReference; lastKnownFileType = sourcecode.c.objc; path = ViewController.m; sourceTree = "<group>"; };
		1270DD661965366B00EDA930 /* Images.xcassets */ = {isa = PBXFileReference; lastKnownFileType = folder.assetcatalog; path = Images.xcassets; sourceTree = "<group>"; };
		1270DD6C1965366B00EDA930 /* What Are You DoingTests.xctest */ = {isa = PBXFileReference; explicitFileType = wrapper.cfbundle; includeInIndex = 0; path = "What Are You DoingTests.xctest"; sourceTree = BUILT_PRODUCTS_DIR; };
		1270DD6D1965366B00EDA930 /* XCTest.framework */ = {isa = PBXFileReference; lastKnownFileType = wrapper.framework; name = XCTest.framework; path = Library/Frameworks/XCTest.framework; sourceTree = DEVELOPER_DIR; };
		1270DD751965366B00EDA930 /* What Are You DoingTests-Info.plist */ = {isa = PBXFileReference; lastKnownFileType = text.plist.xml; path = "What Are You DoingTests-Info.plist"; sourceTree = "<group>"; };
		1270DD771965366B00EDA930 /* en */ = {isa = PBXFileReference; lastKnownFileType = text.plist.strings; name = en; path = en.lproj/InfoPlist.strings; sourceTree = "<group>"; };
		1270DD791965366B00EDA930 /* What_Are_You_DoingTests.m */ = {isa = PBXFileReference; lastKnownFileType = sourcecode.c.objc; path = What_Are_You_DoingTests.m; sourceTree = "<group>"; };
		1270DD8319653E7700EDA930 /* 3637 Tfel_1061.JPG */ = {isa = PBXFileReference; lastKnownFileType = image.jpeg; path = "3637 Tfel_1061.JPG"; sourceTree = "<group>"; };
		1270DD8519653EBF00EDA930 /* 3637 Tfel_1112.JPG */ = {isa = PBXFileReference; lastKnownFileType = image.jpeg; path = "3637 Tfel_1112.JPG"; sourceTree = "<group>"; };
		1270DD8719653ED000EDA930 /* background-tile.png */ = {isa = PBXFileReference; lastKnownFileType = image.png; path = "background-tile.png"; sourceTree = "<group>"; };
		12780F9619691B32004364E5 /* lower-third.png */ = {isa = PBXFileReference; lastKnownFileType = image.png; path = "lower-third.png"; sourceTree = "<group>"; };
		12780F9819692FE0004364E5 /* Time-Pyramid.png */ = {isa = PBXFileReference; lastKnownFileType = image.png; path = "Time-Pyramid.png"; sourceTree = "<group>"; };
		12780F9B19693177004364E5 /* StudentViewController.h */ = {isa = PBXFileReference; fileEncoding = 4; lastKnownFileType = sourcecode.c.h; path = StudentViewController.h; sourceTree = "<group>"; };
		12780F9C19693177004364E5 /* StudentViewController.m */ = {isa = PBXFileReference; fileEncoding = 4; lastKnownFileType = sourcecode.c.objc; path = StudentViewController.m; sourceTree = "<group>"; };
		12780F9E19693183004364E5 /* TeacherViewController.h */ = {isa = PBXFileReference; fileEncoding = 4; lastKnownFileType = sourcecode.c.h; path = TeacherViewController.h; sourceTree = "<group>"; };
		12780F9F19693183004364E5 /* TeacherViewController.m */ = {isa = PBXFileReference; fileEncoding = 4; lastKnownFileType = sourcecode.c.objc; path = TeacherViewController.m; sourceTree = "<group>"; };
		12C5D1A3196FC0E20031CD80 /* CountdownViewController.h */ = {isa = PBXFileReference; fileEncoding = 4; lastKnownFileType = sourcecode.c.h; path = CountdownViewController.h; sourceTree = "<group>"; };
		12C5D1A4196FC0E20031CD80 /* CountdownViewController.m */ = {isa = PBXFileReference; fileEncoding = 4; lastKnownFileType = sourcecode.c.objc; path = CountdownViewController.m; sourceTree = "<group>"; };
		12F026C4197750AF006ACD16 /* pickOne@2x.png */ = {isa = PBXFileReference; lastKnownFileType = image.png; path = "pickOne@2x.png"; sourceTree = "<group>"; };
		12F026D5197758F4006ACD16 /* Time-Stripes@2x.png */ = {isa = PBXFileReference; lastKnownFileType = image.png; path = "Time-Stripes@2x.png"; sourceTree = "<group>"; };
		12F026D719776173006ACD16 /* LL_Fade_SPOKE@2x.png */ = {isa = PBXFileReference; lastKnownFileType = image.png; path = "LL_Fade_SPOKE@2x.png"; sourceTree = "<group>"; };
		12F026D9197782BD006ACD16 /* glyphicons_136_cogwheel.png */ = {isa = PBXFileReference; lastKnownFileType = image.png; path = glyphicons_136_cogwheel.png; sourceTree = "<group>"; };
		12F026DA197782BD006ACD16 /* glyphicons_136_cogwheel@2x.png */ = {isa = PBXFileReference; lastKnownFileType = image.png; path = "glyphicons_136_cogwheel@2x.png"; sourceTree = "<group>"; };
		12F026DD1977852B006ACD16 /* AdvancedSettingsViewController.h */ = {isa = PBXFileReference; fileEncoding = 4; lastKnownFileType = sourcecode.c.h; path = AdvancedSettingsViewController.h; sourceTree = "<group>"; };
		12F026DE1977852B006ACD16 /* AdvancedSettingsViewController.m */ = {isa = PBXFileReference; fileEncoding = 4; lastKnownFileType = sourcecode.c.objc; path = AdvancedSettingsViewController.m; sourceTree = "<group>"; };
/* End PBXFileReference section */

/* Begin PBXFrameworksBuildPhase section */
		1270DD481965366B00EDA930 /* Frameworks */ = {
			isa = PBXFrameworksBuildPhase;
			buildActionMask = 2147483647;
			files = (
				1270DD511965366B00EDA930 /* CoreGraphics.framework in Frameworks */,
				1270DD531965366B00EDA930 /* UIKit.framework in Frameworks */,
				1270DD4F1965366B00EDA930 /* Foundation.framework in Frameworks */,
			);
			runOnlyForDeploymentPostprocessing = 0;
		};
		1270DD691965366B00EDA930 /* Frameworks */ = {
			isa = PBXFrameworksBuildPhase;
			buildActionMask = 2147483647;
			files = (
				1270DD6E1965366B00EDA930 /* XCTest.framework in Frameworks */,
				1270DD701965366B00EDA930 /* UIKit.framework in Frameworks */,
				1270DD6F1965366B00EDA930 /* Foundation.framework in Frameworks */,
			);
			runOnlyForDeploymentPostprocessing = 0;
		};
/* End PBXFrameworksBuildPhase section */

/* Begin PBXGroup section */
		1253F20B196BB9AE00E4C7E0 /* AppDelegate */ = {
			isa = PBXGroup;
			children = (
				1270DD5D1965366B00EDA930 /* AppDelegate.h */,
				1270DD5E1965366B00EDA930 /* AppDelegate.m */,
			);
			name = AppDelegate;
			sourceTree = "<group>";
		};
		1253F20C196BB9BC00E4C7E0 /* ViewControllers */ = {
			isa = PBXGroup;
			children = (
				1270DD631965366B00EDA930 /* ViewController.h */,
				1270DD641965366B00EDA930 /* ViewController.m */,
				12780F9B19693177004364E5 /* StudentViewController.h */,
				12780F9C19693177004364E5 /* StudentViewController.m */,
				12780F9E19693183004364E5 /* TeacherViewController.h */,
				12780F9F19693183004364E5 /* TeacherViewController.m */,
				12C5D1A3196FC0E20031CD80 /* CountdownViewController.h */,
				12C5D1A4196FC0E20031CD80 /* CountdownViewController.m */,
				12F026DD1977852B006ACD16 /* AdvancedSettingsViewController.h */,
				12F026DE1977852B006ACD16 /* AdvancedSettingsViewController.m */,
			);
			name = ViewControllers;
			sourceTree = "<group>";
		};
		1270DD421965366B00EDA930 = {
			isa = PBXGroup;
			children = (
				1270DD541965366B00EDA930 /* What Are You Doing */,
				1270DD731965366B00EDA930 /* What Are You DoingTests */,
				1270DD4D1965366B00EDA930 /* Frameworks */,
				1270DD4C1965366B00EDA930 /* Products */,
			);
			sourceTree = "<group>";
		};
		1270DD4C1965366B00EDA930 /* Products */ = {
			isa = PBXGroup;
			children = (
				1270DD4B1965366B00EDA930 /* What Are You Doing.app */,
				1270DD6C1965366B00EDA930 /* What Are You DoingTests.xctest */,
			);
			name = Products;
			sourceTree = "<group>";
		};
		1270DD4D1965366B00EDA930 /* Frameworks */ = {
			isa = PBXGroup;
			children = (
				1270DD4E1965366B00EDA930 /* Foundation.framework */,
				1270DD501965366B00EDA930 /* CoreGraphics.framework */,
				1270DD521965366B00EDA930 /* UIKit.framework */,
				1270DD6D1965366B00EDA930 /* XCTest.framework */,
			);
			name = Frameworks;
			sourceTree = "<group>";
		};
		1270DD541965366B00EDA930 /* What Are You Doing */ = {
			isa = PBXGroup;
			children = (
				1253F20C196BB9BC00E4C7E0 /* ViewControllers */,
				1253F20B196BB9AE00E4C7E0 /* AppDelegate */,
				1270DD601965366B00EDA930 /* Main.storyboard */,
				1270DD661965366B00EDA930 /* Images.xcassets */,
				12780F9A1969315C004364E5 /* Resources */,
				1270DD551965366B00EDA930 /* Supporting Files */,
			);
			path = "What Are You Doing";
			sourceTree = "<group>";
		};
		1270DD551965366B00EDA930 /* Supporting Files */ = {
			isa = PBXGroup;
			children = (
				1270DD561965366B00EDA930 /* What Are You Doing-Info.plist */,
				1270DD571965366B00EDA930 /* InfoPlist.strings */,
				1270DD5A1965366B00EDA930 /* main.m */,
				1270DD5C1965366B00EDA930 /* What Are You Doing-Prefix.pch */,
			);
			name = "Supporting Files";
			sourceTree = "<group>";
		};
		1270DD731965366B00EDA930 /* What Are You DoingTests */ = {
			isa = PBXGroup;
			children = (
				1270DD791965366B00EDA930 /* What_Are_You_DoingTests.m */,
				1270DD741965366B00EDA930 /* Supporting Files */,
			);
			path = "What Are You DoingTests";
			sourceTree = "<group>";
		};
		1270DD741965366B00EDA930 /* Supporting Files */ = {
			isa = PBXGroup;
			children = (
				1270DD751965366B00EDA930 /* What Are You DoingTests-Info.plist */,
				1270DD761965366B00EDA930 /* InfoPlist.strings */,
			);
			name = "Supporting Files";
			sourceTree = "<group>";
		};
		12780F9A1969315C004364E5 /* Resources */ = {
			isa = PBXGroup;
			children = (
				12F026D9197782BD006ACD16 /* glyphicons_136_cogwheel.png */,
				12F026DA197782BD006ACD16 /* glyphicons_136_cogwheel@2x.png */,
				12F026D719776173006ACD16 /* LL_Fade_SPOKE@2x.png */,
				12F026D5197758F4006ACD16 /* Time-Stripes@2x.png */,
				12F026C4197750AF006ACD16 /* pickOne@2x.png */,
				1253F20F196BBEFD00E4C7E0 /* startHere@2x.png */,
				12780F9619691B32004364E5 /* lower-third.png */,
				1270DD8319653E7700EDA930 /* 3637 Tfel_1061.JPG */,
				1270DD8519653EBF00EDA930 /* 3637 Tfel_1112.JPG */,
				12780F9819692FE0004364E5 /* Time-Pyramid.png */,
				1270DD8719653ED000EDA930 /* background-tile.png */,
			);
			name = Resources;
			sourceTree = "<group>";
		};
/* End PBXGroup section */

/* Begin PBXNativeTarget section */
		1270DD4A1965366B00EDA930 /* What Are You Doing */ = {
			isa = PBXNativeTarget;
			buildConfigurationList = 1270DD7D1965366B00EDA930 /* Build configuration list for PBXNativeTarget "What Are You Doing" */;
			buildPhases = (
				1270DD471965366B00EDA930 /* Sources */,
				1270DD481965366B00EDA930 /* Frameworks */,
				1270DD491965366B00EDA930 /* Resources */,
			);
			buildRules = (
			);
			dependencies = (
			);
			name = "What Are You Doing";
			productName = "What Are You Doing";
			productReference = 1270DD4B1965366B00EDA930 /* What Are You Doing.app */;
			productType = "com.apple.product-type.application";
		};
		1270DD6B1965366B00EDA930 /* What Are You DoingTests */ = {
			isa = PBXNativeTarget;
			buildConfigurationList = 1270DD801965366B00EDA930 /* Build configuration list for PBXNativeTarget "What Are You DoingTests" */;
			buildPhases = (
				1270DD681965366B00EDA930 /* Sources */,
				1270DD691965366B00EDA930 /* Frameworks */,
				1270DD6A1965366B00EDA930 /* Resources */,
			);
			buildRules = (
			);
			dependencies = (
				1270DD721965366B00EDA930 /* PBXTargetDependency */,
			);
			name = "What Are You DoingTests";
			productName = "What Are You DoingTests";
			productReference = 1270DD6C1965366B00EDA930 /* What Are You DoingTests.xctest */;
			productType = "com.apple.product-type.bundle.unit-test";
		};
/* End PBXNativeTarget section */

/* Begin PBXProject section */
		1270DD431965366B00EDA930 /* Project object */ = {
			isa = PBXProject;
			attributes = {
				LastUpgradeCheck = 0510;
				ORGANIZATIONNAME = "Department for Education and Child Development";
				TargetAttributes = {
					1270DD6B1965366B00EDA930 = {
						TestTargetID = 1270DD4A1965366B00EDA930;
					};
				};
			};
			buildConfigurationList = 1270DD461965366B00EDA930 /* Build configuration list for PBXProject "What Are You Doing" */;
			compatibilityVersion = "Xcode 3.2";
			developmentRegion = English;
			hasScannedForEncodings = 0;
			knownRegions = (
				en,
				Base,
			);
			mainGroup = 1270DD421965366B00EDA930;
			productRefGroup = 1270DD4C1965366B00EDA930 /* Products */;
			projectDirPath = "";
			projectRoot = "";
			targets = (
				1270DD4A1965366B00EDA930 /* What Are You Doing */,
				1270DD6B1965366B00EDA930 /* What Are You DoingTests */,
			);
		};
/* End PBXProject section */

/* Begin PBXResourcesBuildPhase section */
		1270DD491965366B00EDA930 /* Resources */ = {
			isa = PBXResourcesBuildPhase;
			buildActionMask = 2147483647;
			files = (
				1253F210196BBEFD00E4C7E0 /* startHere@2x.png in Resources */,
				1270DD8619653EBF00EDA930 /* 3637 Tfel_1112.JPG in Resources */,
				1270DD671965366B00EDA930 /* Images.xcassets in Resources */,
				12F026DB197782BD006ACD16 /* glyphicons_136_cogwheel.png in Resources */,
				1270DD591965366B00EDA930 /* InfoPlist.strings in Resources */,
				12F026DC197782BD006ACD16 /* glyphicons_136_cogwheel@2x.png in Resources */,
				12780F9719691B32004364E5 /* lower-third.png in Resources */,
				1270DD8819653ED000EDA930 /* background-tile.png in Resources */,
				12F026C5197750AF006ACD16 /* pickOne@2x.png in Resources */,
				12F026D6197758F4006ACD16 /* Time-Stripes@2x.png in Resources */,
				12780F9919692FE0004364E5 /* Time-Pyramid.png in Resources */,
				12F026D819776173006ACD16 /* LL_Fade_SPOKE@2x.png in Resources */,
				1270DD8419653E7700EDA930 /* 3637 Tfel_1061.JPG in Resources */,
				1270DD621965366B00EDA930 /* Main.storyboard in Resources */,
			);
			runOnlyForDeploymentPostprocessing = 0;
		};
		1270DD6A1965366B00EDA930 /* Resources */ = {
			isa = PBXResourcesBuildPhase;
			buildActionMask = 2147483647;
			files = (
				1270DD781965366B00EDA930 /* InfoPlist.strings in Resources */,
			);
			runOnlyForDeploymentPostprocessing = 0;
		};
/* End PBXResourcesBuildPhase section */

/* Begin PBXSourcesBuildPhase section */
		1270DD471965366B00EDA930 /* Sources */ = {
			isa = PBXSourcesBuildPhase;
			buildActionMask = 2147483647;
			files = (
				12780F9D19693177004364E5 /* StudentViewController.m in Sources */,
				12F026DF1977852B006ACD16 /* AdvancedSettingsViewController.m in Sources */,
				1270DD651965366B00EDA930 /* ViewController.m in Sources */,
				1270DD5F1965366B00EDA930 /* AppDelegate.m in Sources */,
				1270DD5B1965366B00EDA930 /* main.m in Sources */,
				12C5D1A5196FC0E20031CD80 /* CountdownViewController.m in Sources */,
				12780FA019693183004364E5 /* TeacherViewController.m in Sources */,
			);
			runOnlyForDeploymentPostprocessing = 0;
		};
		1270DD681965366B00EDA930 /* Sources */ = {
			isa = PBXSourcesBuildPhase;
			buildActionMask = 2147483647;
			files = (
				1270DD7A1965366B00EDA930 /* What_Are_You_DoingTests.m in Sources */,
			);
			runOnlyForDeploymentPostprocessing = 0;
		};
/* End PBXSourcesBuildPhase section */

/* Begin PBXTargetDependency section */
		1270DD721965366B00EDA930 /* PBXTargetDependency */ = {
			isa = PBXTargetDependency;
			target = 1270DD4A1965366B00EDA930 /* What Are You Doing */;
			targetProxy = 1270DD711965366B00EDA930 /* PBXContainerItemProxy */;
		};
/* End PBXTargetDependency section */

/* Begin PBXVariantGroup section */
		1270DD571965366B00EDA930 /* InfoPlist.strings */ = {
			isa = PBXVariantGroup;
			children = (
				1270DD581965366B00EDA930 /* en */,
			);
			name = InfoPlist.strings;
			sourceTree = "<group>";
		};
		1270DD601965366B00EDA930 /* Main.storyboard */ = {
			isa = PBXVariantGroup;
			children = (
				1270DD611965366B00EDA930 /* Base */,
			);
			name = Main.storyboard;
			sourceTree = "<group>";
		};
		1270DD761965366B00EDA930 /* InfoPlist.strings */ = {
			isa = PBXVariantGroup;
			children = (
				1270DD771965366B00EDA930 /* en */,
			);
			name = InfoPlist.strings;
			sourceTree = "<group>";
		};
/* End PBXVariantGroup section */

/* Begin XCBuildConfiguration section */
		1270DD7B1965366B00EDA930 /* Debug */ = {
			isa = XCBuildConfiguration;
			buildSettings = {
				ALWAYS_SEARCH_USER_PATHS = NO;
				CLANG_CXX_LANGUAGE_STANDARD = "gnu++0x";
				CLANG_CXX_LIBRARY = "libc++";
				CLANG_ENABLE_MODULES = YES;
				CLANG_ENABLE_OBJC_ARC = YES;
				CLANG_WARN_BOOL_CONVERSION = YES;
				CLANG_WARN_CONSTANT_CONVERSION = YES;
				CLANG_WARN_DIRECT_OBJC_ISA_USAGE = YES_ERROR;
				CLANG_WARN_EMPTY_BODY = YES;
				CLANG_WARN_ENUM_CONVERSION = YES;
				CLANG_WARN_INT_CONVERSION = YES;
				CLANG_WARN_OBJC_ROOT_CLASS = YES_ERROR;
				CLANG_WARN__DUPLICATE_METHOD_MATCH = YES;
				"CODE_SIGN_IDENTITY[sdk=iphoneos*]" = "iPhone Developer";
				COPY_PHASE_STRIP = NO;
				GCC_C_LANGUAGE_STANDARD = gnu99;
				GCC_DYNAMIC_NO_PIC = NO;
				GCC_OPTIMIZATION_LEVEL = 0;
				GCC_PREPROCESSOR_DEFINITIONS = (
					"DEBUG=1",
					"$(inherited)",
				);
				GCC_SYMBOLS_PRIVATE_EXTERN = NO;
				GCC_WARN_64_TO_32_BIT_CONVERSION = YES;
				GCC_WARN_ABOUT_RETURN_TYPE = YES_ERROR;
				GCC_WARN_UNDECLARED_SELECTOR = YES;
				GCC_WARN_UNINITIALIZED_AUTOS = YES_AGGRESSIVE;
				GCC_WARN_UNUSED_FUNCTION = YES;
				GCC_WARN_UNUSED_VARIABLE = YES;
				IPHONEOS_DEPLOYMENT_TARGET = 7.1;
				ONLY_ACTIVE_ARCH = YES;
				SDKROOT = iphoneos;
				TARGETED_DEVICE_FAMILY = 2;
			};
			name = Debug;
		};
		1270DD7C1965366B00EDA930 /* Release */ = {
			isa = XCBuildConfiguration;
			buildSettings = {
				ALWAYS_SEARCH_USER_PATHS = NO;
				CLANG_CXX_LANGUAGE_STANDARD = "gnu++0x";
				CLANG_CXX_LIBRARY = "libc++";
				CLANG_ENABLE_MODULES = YES;
				CLANG_ENABLE_OBJC_ARC = YES;
				CLANG_WARN_BOOL_CONVERSION = YES;
				CLANG_WARN_CONSTANT_CONVERSION = YES;
				CLANG_WARN_DIRECT_OBJC_ISA_USAGE = YES_ERROR;
				CLANG_WARN_EMPTY_BODY = YES;
				CLANG_WARN_ENUM_CONVERSION = YES;
				CLANG_WARN_INT_CONVERSION = YES;
				CLANG_WARN_OBJC_ROOT_CLASS = YES_ERROR;
				CLANG_WARN__DUPLICATE_METHOD_MATCH = YES;
				"CODE_SIGN_IDENTITY[sdk=iphoneos*]" = "iPhone Developer";
				COPY_PHASE_STRIP = YES;
				ENABLE_NS_ASSERTIONS = NO;
				GCC_C_LANGUAGE_STANDARD = gnu99;
				GCC_WARN_64_TO_32_BIT_CONVERSION = YES;
				GCC_WARN_ABOUT_RETURN_TYPE = YES_ERROR;
				GCC_WARN_UNDECLARED_SELECTOR = YES;
				GCC_WARN_UNINITIALIZED_AUTOS = YES_AGGRESSIVE;
				GCC_WARN_UNUSED_FUNCTION = YES;
				GCC_WARN_UNUSED_VARIABLE = YES;
				IPHONEOS_DEPLOYMENT_TARGET = 7.1;
				SDKROOT = iphoneos;
				TARGETED_DEVICE_FAMILY = 2;
				VALIDATE_PRODUCT = YES;
			};
			name = Release;
		};
		1270DD7E1965366B00EDA930 /* Debug */ = {
			isa = XCBuildConfiguration;
			buildSettings = {
				ASSETCATALOG_COMPILER_APPICON_NAME = AppIcon;
				ASSETCATALOG_COMPILER_LAUNCHIMAGE_NAME = LaunchImage;
				GCC_PRECOMPILE_PREFIX_HEADER = YES;
				GCC_PREFIX_HEADER = "What Are You Doing/What Are You Doing-Prefix.pch";
				INFOPLIST_FILE = "What Are You Doing/What Are You Doing-Info.plist";
				PRODUCT_NAME = "$(TARGET_NAME)";
				WRAPPER_EXTENSION = app;
			};
			name = Debug;
		};
		1270DD7F1965366B00EDA930 /* Release */ = {
			isa = XCBuildConfiguration;
			buildSettings = {
				ASSETCATALOG_COMPILER_APPICON_NAME = AppIcon;
				ASSETCATALOG_COMPILER_LAUNCHIMAGE_NAME = LaunchImage;
				GCC_PRECOMPILE_PREFIX_HEADER = YES;
				GCC_PREFIX_HEADER = "What Are You Doing/What Are You Doing-Prefix.pch";
				INFOPLIST_FILE = "What Are You Doing/What Are You Doing-Info.plist";
				PRODUCT_NAME = "$(TARGET_NAME)";
				WRAPPER_EXTENSION = app;
			};
			name = Release;
		};
		1270DD811965366B00EDA930 /* Debug */ = {
			isa = XCBuildConfiguration;
			buildSettings = {
				BUNDLE_LOADER = "$(BUILT_PRODUCTS_DIR)/What Are You Doing.app/What Are You Doing";
				FRAMEWORK_SEARCH_PATHS = (
					"$(SDKROOT)/Developer/Library/Frameworks",
					"$(inherited)",
					"$(DEVELOPER_FRAMEWORKS_DIR)",
				);
				GCC_PRECOMPILE_PREFIX_HEADER = YES;
				GCC_PREFIX_HEADER = "What Are You Doing/What Are You Doing-Prefix.pch";
				GCC_PREPROCESSOR_DEFINITIONS = (
					"DEBUG=1",
					"$(inherited)",
				);
				INFOPLIST_FILE = "What Are You DoingTests/What Are You DoingTests-Info.plist";
				PRODUCT_NAME = "$(TARGET_NAME)";
				TEST_HOST = "$(BUNDLE_LOADER)";
				WRAPPER_EXTENSION = xctest;
			};
			name = Debug;
		};
		1270DD821965366B00EDA930 /* Release */ = {
			isa = XCBuildConfiguration;
			buildSettings = {
				BUNDLE_LOADER = "$(BUILT_PRODUCTS_DIR)/What Are You Doing.app/What Are You Doing";
				FRAMEWORK_SEARCH_PATHS = (
					"$(SDKROOT)/Developer/Library/Frameworks",
					"$(inherited)",
					"$(DEVELOPER_FRAMEWORKS_DIR)",
				);
				GCC_PRECOMPILE_PREFIX_HEADER = YES;
				GCC_PREFIX_HEADER = "What Are You Doing/What Are You Doing-Prefix.pch";
				INFOPLIST_FILE = "What Are You DoingTests/What Are You DoingTests-Info.plist";
				PRODUCT_NAME = "$(TARGET_NAME)";
				TEST_HOST = "$(BUNDLE_LOADER)";
				WRAPPER_EXTENSION = xctest;
			};
			name = Release;
		};
/* End XCBuildConfiguration section */

/* Begin XCConfigurationList section */
		1270DD461965366B00EDA930 /* Build configuration list for PBXProject "What Are You Doing" */ = {
			isa = XCConfigurationList;
			buildConfigurations = (
				1270DD7B1965366B00EDA930 /* Debug */,
				1270DD7C1965366B00EDA930 /* Release */,
			);
			defaultConfigurationIsVisible = 0;
			defaultConfigurationName = Release;
		};
		1270DD7D1965366B00EDA930 /* Build configuration list for PBXNativeTarget "What Are You Doing" */ = {
			isa = XCConfigurationList;
			buildConfigurations = (
				1270DD7E1965366B00EDA930 /* Debug */,
				1270DD7F1965366B00EDA930 /* Release */,
			);
			defaultConfigurationIsVisible = 0;
			defaultConfigurationName = Release;
		};
		1270DD801965366B00EDA930 /* Build configuration list for PBXNativeTarget "What Are You DoingTests" */ = {
			isa = XCConfigurationList;
			buildConfigurations = (
				1270DD811965366B00EDA930 /* Debug */,
				1270DD821965366B00EDA930 /* Release */,
			);
			defaultConfigurationIsVisible = 0;
			defaultConfigurationName = Release;
		};
/* End XCConfigurationList section */
	};
	rootObject = 1270DD431965366B00EDA930 /* Project object */;
}
